
Microsoft Visual Studio Solution File, Format Version 12.00
# Visual Studio Version 17
VisualStudioVersion = 17.8.34408.163
MinimumVisualStudioVersion = 10.0.40219.1
Project("{FAE04EC0-301F-11D3-BF4B-00C04F79EFBC}") = "ZackOlsenHobbiesMVC", "ZackOlsenHobbiesMVC\ZackOlsenHobbiesMVC.csproj", "{E996DBB6-4EAA-492D-8D30-57637B605B40}"
EndProject
Global
	GlobalSection(SolutionConfigurationPlatforms) = preSolution
		Debug|Any CPU = Debug|Any CPU
		Release|Any CPU = Release|Any CPU
	EndGlobalSection
	GlobalSection(ProjectConfigurationPlatforms) = postSolution
		{E996DBB6-4EAA-492D-8D30-57637B605B40}.Debug|Any CPU.ActiveCfg = Debug|Any CPU
		{E996DBB6-4EAA-492D-8D30-57637B605B40}.Debug|Any CPU.Build.0 = Debug|Any CPU
		{E996DBB6-4EAA-492D-8D30-57637B605B40}.Release|Any CPU.ActiveCfg = Release|Any CPU
		{E996DBB6-4EAA-492D-8D30-57637B605B40}.Release|Any CPU.Build.0 = Release|Any CPU
	EndGlobalSection
	GlobalSection(SolutionProperties) = preSolution
		HideSolutionNode = FALSE
	EndGlobalSection
	GlobalSection(ExtensibilityGlobals) = postSolution
		SolutionGuid = {FD5C88E9-16CF-4349-9A95-66FE147A331D}
	EndGlobalSection
EndGlobal
